// !$*UTF8*$!
{
	archiveVersion = 1;
	classes = {
	};
	objectVersion = 56;
	objects = {

/* Begin PBXBuildFile section */
		C24A022297B1E26EB6D10BE0 /* Pods_LifeMomentsJournal.framework in Frameworks */ = {isa = PBXBuildFile; fileRef = 5DF7EA8CCA9A6CD5ABFBCB20 /* Pods_LifeMomentsJournal.framework */; };
		EA0C5F2E2B3CC7B600AC56F9 /* Kingfisher in Frameworks */ = {isa = PBXBuildFile; productRef = EA0C5F2D2B3CC7B600AC56F9 /* Kingfisher */; };
		EA1583DC2B1C6C66006A6242 /* CompositionalLayout.swift in Sources */ = {isa = PBXBuildFile; fileRef = EA1583DB2B1C6C66006A6242 /* CompositionalLayout.swift */; };
		EA1583DE2B1C8172006A6242 /* NewEntryViewController.swift in Sources */ = {isa = PBXBuildFile; fileRef = EA1583DD2B1C8172006A6242 /* NewEntryViewController.swift */; };
		EA1583E02B1C9141006A6242 /* TabBarViewController.swift in Sources */ = {isa = PBXBuildFile; fileRef = EA1583DF2B1C9141006A6242 /* TabBarViewController.swift */; };
		EA1F432C2B1E83980033ED82 /* NewEntryImagesViewCell.swift in Sources */ = {isa = PBXBuildFile; fileRef = EA1F432B2B1E83980033ED82 /* NewEntryImagesViewCell.swift */; };
		EA36776C2B3100B60018BDD8 /* CurrentDate.swift in Sources */ = {isa = PBXBuildFile; fileRef = EA36776B2B3100B60018BDD8 /* CurrentDate.swift */; };
		EA42404B2B34DC480036815E /* FirestoreAndStorageService.swift in Sources */ = {isa = PBXBuildFile; fileRef = EA42404A2B34DC480036815E /* FirestoreAndStorageService.swift */; };
		EA42404D2B34DC910036815E /* FirebaseStorage in Frameworks */ = {isa = PBXBuildFile; productRef = EA42404C2B34DC910036815E /* FirebaseStorage */; };
		EA42404F2B34DDF40036815E /* EntryListViewModel.swift in Sources */ = {isa = PBXBuildFile; fileRef = EA42404E2B34DDF40036815E /* EntryListViewModel.swift */; };
		EA45248F2B433CB8006F4926 /* Differentiator in Frameworks */ = {isa = PBXBuildFile; productRef = EA45248E2B433CB8006F4926 /* Differentiator */; };
		EA4524912B433CB8006F4926 /* RxDataSources in Frameworks */ = {isa = PBXBuildFile; productRef = EA4524902B433CB8006F4926 /* RxDataSources */; };
		EA4524932B4342D4006F4926 /* Quote.swift in Sources */ = {isa = PBXBuildFile; fileRef = EA4524922B4342D4006F4926 /* Quote.swift */; };
		EA4524952B4345BC006F4926 /* QuoteApiWorker.swift in Sources */ = {isa = PBXBuildFile; fileRef = EA4524942B4345BC006F4926 /* QuoteApiWorker.swift */; };
		EA4524982B4345F7006F4926 /* Alamofire in Frameworks */ = {isa = PBXBuildFile; productRef = EA4524972B4345F7006F4926 /* Alamofire */; };
		EA45249A2B434C3E006F4926 /* JournalView.swift in Sources */ = {isa = PBXBuildFile; fileRef = EA4524992B434C3E006F4926 /* JournalView.swift */; };
		EA45249C2B438EA6006F4926 /* SettingsView.swift in Sources */ = {isa = PBXBuildFile; fileRef = EA45249B2B438EA6006F4926 /* SettingsView.swift */; };
		EA45249E2B438FC6006F4926 /* SettingsTableView.swift in Sources */ = {isa = PBXBuildFile; fileRef = EA45249D2B438FC6006F4926 /* SettingsTableView.swift */; };
		EA4524A02B439042006F4926 /* SettingsViewCell.swift in Sources */ = {isa = PBXBuildFile; fileRef = EA45249F2B439042006F4926 /* SettingsViewCell.swift */; };
		EA4524A22B448140006F4926 /* Settings.swift in Sources */ = {isa = PBXBuildFile; fileRef = EA4524A12B448140006F4926 /* Settings.swift */; };
		EA4524A42B448488006F4926 /* SettingsViewModel.swift in Sources */ = {isa = PBXBuildFile; fileRef = EA4524A32B448488006F4926 /* SettingsViewModel.swift */; };
		EA50DA602B17F676003B50A5 /* EntriesListCell.swift in Sources */ = {isa = PBXBuildFile; fileRef = EA50DA5F2B17F676003B50A5 /* EntriesListCell.swift */; };
		EA50DA632B17FAD4003B50A5 /* Entry.swift in Sources */ = {isa = PBXBuildFile; fileRef = EA50DA622B17FAD4003B50A5 /* Entry.swift */; };
		EA66DF772B33965A00943B90 /* FirebaseFirestore in Frameworks */ = {isa = PBXBuildFile; productRef = EA66DF762B33965A00943B90 /* FirebaseFirestore */; };
		EA66DF792B33969400943B90 /* FirebaseFirestoreSwift in Frameworks */ = {isa = PBXBuildFile; productRef = EA66DF782B33969400943B90 /* FirebaseFirestoreSwift */; };
		EA67B7D82B20DC7C003DDBD7 /* DetailEntryImagesViewCell.swift in Sources */ = {isa = PBXBuildFile; fileRef = EA67B7D72B20DC7C003DDBD7 /* DetailEntryImagesViewCell.swift */; };
		EA67B7DA2B20DD2D003DDBD7 /* DetailEntryCollectionView.swift in Sources */ = {isa = PBXBuildFile; fileRef = EA67B7D92B20DD2D003DDBD7 /* DetailEntryCollectionView.swift */; };
		EA67B7DC2B20DFBC003DDBD7 /* DetailEntryView.swift in Sources */ = {isa = PBXBuildFile; fileRef = EA67B7DB2B20DFBC003DDBD7 /* DetailEntryView.swift */; };
		EA683EA72B263E6400CC1076 /* LifeMomentsJournalTests.swift in Sources */ = {isa = PBXBuildFile; fileRef = EA683EA62B263E6400CC1076 /* LifeMomentsJournalTests.swift */; };
		EA683EAF2B263F9700CC1076 /* RxBlocking in Frameworks */ = {isa = PBXBuildFile; productRef = EA683EAE2B263F9700CC1076 /* RxBlocking */; };
		EA683EB12B263F9700CC1076 /* RxCocoa in Frameworks */ = {isa = PBXBuildFile; productRef = EA683EB02B263F9700CC1076 /* RxCocoa */; };
		EA683EB32B263F9700CC1076 /* RxRelay in Frameworks */ = {isa = PBXBuildFile; productRef = EA683EB22B263F9700CC1076 /* RxRelay */; };
		EA683EB52B263F9700CC1076 /* RxSwift in Frameworks */ = {isa = PBXBuildFile; productRef = EA683EB42B263F9700CC1076 /* RxSwift */; };
		EA683EB72B263F9700CC1076 /* RxTest in Frameworks */ = {isa = PBXBuildFile; productRef = EA683EB62B263F9700CC1076 /* RxTest */; };
		EA72778E2B1379D30044F320 /* FirebaseAnalytics in Frameworks */ = {isa = PBXBuildFile; productRef = EA72778D2B1379D30044F320 /* FirebaseAnalytics */; };
		EA7277902B1379D30044F320 /* FirebaseAnalyticsOnDeviceConversion in Frameworks */ = {isa = PBXBuildFile; productRef = EA72778F2B1379D30044F320 /* FirebaseAnalyticsOnDeviceConversion */; };
		EA7277922B1379D30044F320 /* FirebaseAnalyticsSwift in Frameworks */ = {isa = PBXBuildFile; productRef = EA7277912B1379D30044F320 /* FirebaseAnalyticsSwift */; };
		EA7277942B1379D30044F320 /* FirebaseAnalyticsWithoutAdIdSupport in Frameworks */ = {isa = PBXBuildFile; productRef = EA7277932B1379D30044F320 /* FirebaseAnalyticsWithoutAdIdSupport */; };
		EA7277962B1379D30044F320 /* FirebaseAppCheck in Frameworks */ = {isa = PBXBuildFile; productRef = EA7277952B1379D30044F320 /* FirebaseAppCheck */; };
		EA7277982B137DE50044F320 /* FirebaseAuth in Frameworks */ = {isa = PBXBuildFile; productRef = EA7277972B137DE50044F320 /* FirebaseAuth */; };
		EA72779D2B13A9500044F320 /* GoogleService-Info.plist in Resources */ = {isa = PBXBuildFile; fileRef = EA72779C2B13A9500044F320 /* GoogleService-Info.plist */; };
		EA7277A02B13D0840044F320 /* GoogleSignIn in Frameworks */ = {isa = PBXBuildFile; productRef = EA72779F2B13D0840044F320 /* GoogleSignIn */; };
		EA7277A22B13D0840044F320 /* GoogleSignInSwift in Frameworks */ = {isa = PBXBuildFile; productRef = EA7277A12B13D0840044F320 /* GoogleSignInSwift */; };
		EA7277A42B13D4250044F320 /* AuthenticationService.swift in Sources */ = {isa = PBXBuildFile; fileRef = EA7277A32B13D4250044F320 /* AuthenticationService.swift */; };
		EA7AD33B2B3F5FE4002E8D54 /* DetailEntryViewController.swift in Sources */ = {isa = PBXBuildFile; fileRef = EA7AD33A2B3F5FE4002E8D54 /* DetailEntryViewController.swift */; };
		EA7AD33D2B3F7575002E8D54 /* DetailEntryViewModel.swift in Sources */ = {isa = PBXBuildFile; fileRef = EA7AD33C2B3F7575002E8D54 /* DetailEntryViewModel.swift */; };
		EA8BC7302B2E5D2200046352 /* NewEntryViewModel.swift in Sources */ = {isa = PBXBuildFile; fileRef = EA8BC72F2B2E5D2200046352 /* NewEntryViewModel.swift */; };
		EAC4C5AA2B0D291C00930A14 /* AppDelegate.swift in Sources */ = {isa = PBXBuildFile; fileRef = EAC4C5A92B0D291C00930A14 /* AppDelegate.swift */; };
		EAC4C5AC2B0D291C00930A14 /* SceneDelegate.swift in Sources */ = {isa = PBXBuildFile; fileRef = EAC4C5AB2B0D291C00930A14 /* SceneDelegate.swift */; };
		EAC4C5AE2B0D291C00930A14 /* AuthenticationViewController.swift in Sources */ = {isa = PBXBuildFile; fileRef = EAC4C5AD2B0D291C00930A14 /* AuthenticationViewController.swift */; };
		EAC4C5B32B0D291F00930A14 /* Assets.xcassets in Resources */ = {isa = PBXBuildFile; fileRef = EAC4C5B22B0D291F00930A14 /* Assets.xcassets */; };
		EAC4C5B62B0D291F00930A14 /* LaunchScreen.storyboard in Resources */ = {isa = PBXBuildFile; fileRef = EAC4C5B42B0D291F00930A14 /* LaunchScreen.storyboard */; };
		EADC21272B401BDF007FBF6C /* ImagesViewController.swift in Sources */ = {isa = PBXBuildFile; fileRef = EADC21262B401BDF007FBF6C /* ImagesViewController.swift */; };
		EADC212A2B401C66007FBF6C /* SettingsViewController.swift in Sources */ = {isa = PBXBuildFile; fileRef = EADC21292B401C66007FBF6C /* SettingsViewController.swift */; };
		EADC212C2B401F85007FBF6C /* ImagesView.swift in Sources */ = {isa = PBXBuildFile; fileRef = EADC212B2B401F85007FBF6C /* ImagesView.swift */; };
		EADC212E2B402021007FBF6C /* ImagesViewCell.swift in Sources */ = {isa = PBXBuildFile; fileRef = EADC212D2B402021007FBF6C /* ImagesViewCell.swift */; };
		EADC21302B402514007FBF6C /* ImagesViewModel.swift in Sources */ = {isa = PBXBuildFile; fileRef = EADC212F2B402514007FBF6C /* ImagesViewModel.swift */; };
		EAE0CFE52B3238D900C670CA /* PhotosManager.swift in Sources */ = {isa = PBXBuildFile; fileRef = EAE0CFE42B3238D900C670CA /* PhotosManager.swift */; };
		EAEF22852B1FDD730080173C /* NewEntryCollectionView.swift in Sources */ = {isa = PBXBuildFile; fileRef = EAEF22842B1FDD730080173C /* NewEntryCollectionView.swift */; };
		EAF71CC72B1D0ACF00217052 /* NewEntryView.swift in Sources */ = {isa = PBXBuildFile; fileRef = EAF71CC62B1D0ACF00217052 /* NewEntryView.swift */; };
		EAF7850C2B155F7000719089 /* JournalViewController.swift in Sources */ = {isa = PBXBuildFile; fileRef = EAF7850B2B155F7000719089 /* JournalViewController.swift */; };
/* End PBXBuildFile section */

/* Begin PBXContainerItemProxy section */
		EA683EA82B263E6400CC1076 /* PBXContainerItemProxy */ = {
			isa = PBXContainerItemProxy;
			containerPortal = EAC4C59E2B0D291C00930A14 /* Project object */;
			proxyType = 1;
			remoteGlobalIDString = EAC4C5A52B0D291C00930A14;
			remoteInfo = LifeMomentsJournal;
		};
/* End PBXContainerItemProxy section */

/* Begin PBXFileReference section */
		5DF7EA8CCA9A6CD5ABFBCB20 /* Pods_LifeMomentsJournal.framework */ = {isa = PBXFileReference; explicitFileType = wrapper.framework; includeInIndex = 0; path = Pods_LifeMomentsJournal.framework; sourceTree = BUILT_PRODUCTS_DIR; };
		9F1CCD98DA4DD271FFBBABF6 /* Pods-LifeMomentsJournal.release.xcconfig */ = {isa = PBXFileReference; includeInIndex = 1; lastKnownFileType = text.xcconfig; name = "Pods-LifeMomentsJournal.release.xcconfig"; path = "Target Support Files/Pods-LifeMomentsJournal/Pods-LifeMomentsJournal.release.xcconfig"; sourceTree = "<group>"; };
		E5566D380F2006B633BE1B08 /* Pods-LifeMomentsJournal.debug.xcconfig */ = {isa = PBXFileReference; includeInIndex = 1; lastKnownFileType = text.xcconfig; name = "Pods-LifeMomentsJournal.debug.xcconfig"; path = "Target Support Files/Pods-LifeMomentsJournal/Pods-LifeMomentsJournal.debug.xcconfig"; sourceTree = "<group>"; };
		EA1583DB2B1C6C66006A6242 /* CompositionalLayout.swift */ = {isa = PBXFileReference; lastKnownFileType = sourcecode.swift; path = CompositionalLayout.swift; sourceTree = "<group>"; };
		EA1583DD2B1C8172006A6242 /* NewEntryViewController.swift */ = {isa = PBXFileReference; lastKnownFileType = sourcecode.swift; path = NewEntryViewController.swift; sourceTree = "<group>"; };
		EA1583DF2B1C9141006A6242 /* TabBarViewController.swift */ = {isa = PBXFileReference; lastKnownFileType = sourcecode.swift; path = TabBarViewController.swift; sourceTree = "<group>"; };
		EA1F432B2B1E83980033ED82 /* NewEntryImagesViewCell.swift */ = {isa = PBXFileReference; lastKnownFileType = sourcecode.swift; path = NewEntryImagesViewCell.swift; sourceTree = "<group>"; };
		EA36776B2B3100B60018BDD8 /* CurrentDate.swift */ = {isa = PBXFileReference; lastKnownFileType = sourcecode.swift; path = CurrentDate.swift; sourceTree = "<group>"; };
		EA42404A2B34DC480036815E /* FirestoreAndStorageService.swift */ = {isa = PBXFileReference; lastKnownFileType = sourcecode.swift; path = FirestoreAndStorageService.swift; sourceTree = "<group>"; };
		EA42404E2B34DDF40036815E /* EntryListViewModel.swift */ = {isa = PBXFileReference; lastKnownFileType = sourcecode.swift; path = EntryListViewModel.swift; sourceTree = "<group>"; };
		EA4524922B4342D4006F4926 /* Quote.swift */ = {isa = PBXFileReference; lastKnownFileType = sourcecode.swift; path = Quote.swift; sourceTree = "<group>"; };
		EA4524942B4345BC006F4926 /* QuoteApiWorker.swift */ = {isa = PBXFileReference; lastKnownFileType = sourcecode.swift; path = QuoteApiWorker.swift; sourceTree = "<group>"; };
		EA4524992B434C3E006F4926 /* JournalView.swift */ = {isa = PBXFileReference; lastKnownFileType = sourcecode.swift; path = JournalView.swift; sourceTree = "<group>"; };
		EA45249B2B438EA6006F4926 /* SettingsView.swift */ = {isa = PBXFileReference; lastKnownFileType = sourcecode.swift; path = SettingsView.swift; sourceTree = "<group>"; };
		EA45249D2B438FC6006F4926 /* SettingsTableView.swift */ = {isa = PBXFileReference; lastKnownFileType = sourcecode.swift; path = SettingsTableView.swift; sourceTree = "<group>"; };
		EA45249F2B439042006F4926 /* SettingsViewCell.swift */ = {isa = PBXFileReference; lastKnownFileType = sourcecode.swift; path = SettingsViewCell.swift; sourceTree = "<group>"; };
		EA4524A12B448140006F4926 /* Settings.swift */ = {isa = PBXFileReference; lastKnownFileType = sourcecode.swift; path = Settings.swift; sourceTree = "<group>"; };
		EA4524A32B448488006F4926 /* SettingsViewModel.swift */ = {isa = PBXFileReference; lastKnownFileType = sourcecode.swift; path = SettingsViewModel.swift; sourceTree = "<group>"; };
		EA50DA5F2B17F676003B50A5 /* EntriesListCell.swift */ = {isa = PBXFileReference; lastKnownFileType = sourcecode.swift; path = EntriesListCell.swift; sourceTree = "<group>"; };
		EA50DA622B17FAD4003B50A5 /* Entry.swift */ = {isa = PBXFileReference; lastKnownFileType = sourcecode.swift; path = Entry.swift; sourceTree = "<group>"; };
		EA67B7D72B20DC7C003DDBD7 /* DetailEntryImagesViewCell.swift */ = {isa = PBXFileReference; lastKnownFileType = sourcecode.swift; path = DetailEntryImagesViewCell.swift; sourceTree = "<group>"; };
		EA67B7D92B20DD2D003DDBD7 /* DetailEntryCollectionView.swift */ = {isa = PBXFileReference; lastKnownFileType = sourcecode.swift; path = DetailEntryCollectionView.swift; sourceTree = "<group>"; };
		EA67B7DB2B20DFBC003DDBD7 /* DetailEntryView.swift */ = {isa = PBXFileReference; lastKnownFileType = sourcecode.swift; path = DetailEntryView.swift; sourceTree = "<group>"; };
		EA683EA42B263E6400CC1076 /* LifeMomentsJournalTests.xctest */ = {isa = PBXFileReference; explicitFileType = wrapper.cfbundle; includeInIndex = 0; path = LifeMomentsJournalTests.xctest; sourceTree = BUILT_PRODUCTS_DIR; };
		EA683EA62B263E6400CC1076 /* LifeMomentsJournalTests.swift */ = {isa = PBXFileReference; lastKnownFileType = sourcecode.swift; path = LifeMomentsJournalTests.swift; sourceTree = "<group>"; };
		EA72779C2B13A9500044F320 /* GoogleService-Info.plist */ = {isa = PBXFileReference; fileEncoding = 4; lastKnownFileType = text.plist.xml; path = "GoogleService-Info.plist"; sourceTree = "<group>"; };
		EA7277A32B13D4250044F320 /* AuthenticationService.swift */ = {isa = PBXFileReference; lastKnownFileType = sourcecode.swift; path = AuthenticationService.swift; sourceTree = "<group>"; };
		EA7AD33A2B3F5FE4002E8D54 /* DetailEntryViewController.swift */ = {isa = PBXFileReference; lastKnownFileType = sourcecode.swift; path = DetailEntryViewController.swift; sourceTree = "<group>"; };
		EA7AD33C2B3F7575002E8D54 /* DetailEntryViewModel.swift */ = {isa = PBXFileReference; lastKnownFileType = sourcecode.swift; path = DetailEntryViewModel.swift; sourceTree = "<group>"; };
		EA8BC72F2B2E5D2200046352 /* NewEntryViewModel.swift */ = {isa = PBXFileReference; lastKnownFileType = sourcecode.swift; path = NewEntryViewModel.swift; sourceTree = "<group>"; };
		EAC4C5A62B0D291C00930A14 /* LifeMomentsJournal.app */ = {isa = PBXFileReference; explicitFileType = wrapper.application; includeInIndex = 0; path = LifeMomentsJournal.app; sourceTree = BUILT_PRODUCTS_DIR; };
		EAC4C5A92B0D291C00930A14 /* AppDelegate.swift */ = {isa = PBXFileReference; lastKnownFileType = sourcecode.swift; path = AppDelegate.swift; sourceTree = "<group>"; };
		EAC4C5AB2B0D291C00930A14 /* SceneDelegate.swift */ = {isa = PBXFileReference; lastKnownFileType = sourcecode.swift; path = SceneDelegate.swift; sourceTree = "<group>"; };
		EAC4C5AD2B0D291C00930A14 /* AuthenticationViewController.swift */ = {isa = PBXFileReference; lastKnownFileType = sourcecode.swift; path = AuthenticationViewController.swift; sourceTree = "<group>"; };
		EAC4C5B22B0D291F00930A14 /* Assets.xcassets */ = {isa = PBXFileReference; lastKnownFileType = folder.assetcatalog; path = Assets.xcassets; sourceTree = "<group>"; };
		EAC4C5B52B0D291F00930A14 /* Base */ = {isa = PBXFileReference; lastKnownFileType = file.storyboard; name = Base; path = Base.lproj/LaunchScreen.storyboard; sourceTree = "<group>"; };
		EAC4C5B72B0D291F00930A14 /* Info.plist */ = {isa = PBXFileReference; lastKnownFileType = text.plist.xml; path = Info.plist; sourceTree = "<group>"; };
		EADC21262B401BDF007FBF6C /* ImagesViewController.swift */ = {isa = PBXFileReference; lastKnownFileType = sourcecode.swift; path = ImagesViewController.swift; sourceTree = "<group>"; };
		EADC21292B401C66007FBF6C /* SettingsViewController.swift */ = {isa = PBXFileReference; lastKnownFileType = sourcecode.swift; path = SettingsViewController.swift; sourceTree = "<group>"; };
		EADC212B2B401F85007FBF6C /* ImagesView.swift */ = {isa = PBXFileReference; lastKnownFileType = sourcecode.swift; path = ImagesView.swift; sourceTree = "<group>"; };
		EADC212D2B402021007FBF6C /* ImagesViewCell.swift */ = {isa = PBXFileReference; lastKnownFileType = sourcecode.swift; path = ImagesViewCell.swift; sourceTree = "<group>"; };
		EADC212F2B402514007FBF6C /* ImagesViewModel.swift */ = {isa = PBXFileReference; lastKnownFileType = sourcecode.swift; path = ImagesViewModel.swift; sourceTree = "<group>"; };
		EAE0CFE42B3238D900C670CA /* PhotosManager.swift */ = {isa = PBXFileReference; lastKnownFileType = sourcecode.swift; path = PhotosManager.swift; sourceTree = "<group>"; };
		EAEF22842B1FDD730080173C /* NewEntryCollectionView.swift */ = {isa = PBXFileReference; lastKnownFileType = sourcecode.swift; path = NewEntryCollectionView.swift; sourceTree = "<group>"; };
		EAF71CC62B1D0ACF00217052 /* NewEntryView.swift */ = {isa = PBXFileReference; lastKnownFileType = sourcecode.swift; path = NewEntryView.swift; sourceTree = "<group>"; };
		EAF7850B2B155F7000719089 /* JournalViewController.swift */ = {isa = PBXFileReference; lastKnownFileType = sourcecode.swift; path = JournalViewController.swift; sourceTree = "<group>"; };
/* End PBXFileReference section */

/* Begin PBXFrameworksBuildPhase section */
		EA683EA12B263E6400CC1076 /* Frameworks */ = {
			isa = PBXFrameworksBuildPhase;
			buildActionMask = 2147483647;
			files = (
				EA683EB72B263F9700CC1076 /* RxTest in Frameworks */,
				EA683EAF2B263F9700CC1076 /* RxBlocking in Frameworks */,
			);
			runOnlyForDeploymentPostprocessing = 0;
		};
		EAC4C5A32B0D291C00930A14 /* Frameworks */ = {
			isa = PBXFrameworksBuildPhase;
			buildActionMask = 2147483647;
			files = (
				EA7277A22B13D0840044F320 /* GoogleSignInSwift in Frameworks */,
				EA66DF772B33965A00943B90 /* FirebaseFirestore in Frameworks */,
				EA45248F2B433CB8006F4926 /* Differentiator in Frameworks */,
				EA4524982B4345F7006F4926 /* Alamofire in Frameworks */,
				EA7277922B1379D30044F320 /* FirebaseAnalyticsSwift in Frameworks */,
				EA66DF792B33969400943B90 /* FirebaseFirestoreSwift in Frameworks */,
				EA0C5F2E2B3CC7B600AC56F9 /* Kingfisher in Frameworks */,
				EA683EB12B263F9700CC1076 /* RxCocoa in Frameworks */,
				EA7277A02B13D0840044F320 /* GoogleSignIn in Frameworks */,
				EA7277942B1379D30044F320 /* FirebaseAnalyticsWithoutAdIdSupport in Frameworks */,
				EA72778E2B1379D30044F320 /* FirebaseAnalytics in Frameworks */,
				EA42404D2B34DC910036815E /* FirebaseStorage in Frameworks */,
				EA683EB52B263F9700CC1076 /* RxSwift in Frameworks */,
				EA7277902B1379D30044F320 /* FirebaseAnalyticsOnDeviceConversion in Frameworks */,
				EA7277962B1379D30044F320 /* FirebaseAppCheck in Frameworks */,
				EA7277982B137DE50044F320 /* FirebaseAuth in Frameworks */,
				EA4524912B433CB8006F4926 /* RxDataSources in Frameworks */,
				C24A022297B1E26EB6D10BE0 /* Pods_LifeMomentsJournal.framework in Frameworks */,
				EA683EB32B263F9700CC1076 /* RxRelay in Frameworks */,
			);
			runOnlyForDeploymentPostprocessing = 0;
		};
/* End PBXFrameworksBuildPhase section */

/* Begin PBXGroup section */
		EA1583E12B1CD5C7006A6242 /* Services */ = {
			isa = PBXGroup;
			children = (
				EA7277A32B13D4250044F320 /* AuthenticationService.swift */,
				EA36776B2B3100B60018BDD8 /* CurrentDate.swift */,
				EAE0CFE42B3238D900C670CA /* PhotosManager.swift */,
				EA42404A2B34DC480036815E /* FirestoreAndStorageService.swift */,
				EA4524942B4345BC006F4926 /* QuoteApiWorker.swift */,
			);
			path = Services;
			sourceTree = "<group>";
		};
		EA36776A2B31008C0018BDD8 /* New Group */ = {
			isa = PBXGroup;
			children = (
			);
			path = "New Group";
			sourceTree = "<group>";
		};
		EA50DA5C2B17F4DB003B50A5 /* AuthController */ = {
			isa = PBXGroup;
			children = (
				EAC4C5AD2B0D291C00930A14 /* AuthenticationViewController.swift */,
			);
			path = AuthController;
			sourceTree = "<group>";
		};
		EA50DA5D2B17F4EE003B50A5 /* Layouts */ = {
			isa = PBXGroup;
			children = (
				EA1583DB2B1C6C66006A6242 /* CompositionalLayout.swift */,
			);
			path = Layouts;
			sourceTree = "<group>";
		};
		EA50DA612B17FAB0003B50A5 /* Models */ = {
			isa = PBXGroup;
			children = (
				EA50DA622B17FAD4003B50A5 /* Entry.swift */,
				EA4524922B4342D4006F4926 /* Quote.swift */,
				EA4524A12B448140006F4926 /* Settings.swift */,
			);
			path = Models;
			sourceTree = "<group>";
		};
		EA66DF722B336BA000943B90 /* JournalController */ = {
			isa = PBXGroup;
			children = (
				EAF7850B2B155F7000719089 /* JournalViewController.swift */,
				EA4524992B434C3E006F4926 /* JournalView.swift */,
				EA50DA5F2B17F676003B50A5 /* EntriesListCell.swift */,
			);
			path = JournalController;
			sourceTree = "<group>";
		};
		EA66DF732B336BDB00943B90 /* TabBarController */ = {
			isa = PBXGroup;
			children = (
				EA1583DF2B1C9141006A6242 /* TabBarViewController.swift */,
			);
			path = TabBarController;
			sourceTree = "<group>";
		};
		EA66DF742B336C0300943B90 /* NewEntryController */ = {
			isa = PBXGroup;
			children = (
				EA1583DD2B1C8172006A6242 /* NewEntryViewController.swift */,
				EAF71CC62B1D0ACF00217052 /* NewEntryView.swift */,
				EAEF22842B1FDD730080173C /* NewEntryCollectionView.swift */,
				EA1F432B2B1E83980033ED82 /* NewEntryImagesViewCell.swift */,
			);
			path = NewEntryController;
			sourceTree = "<group>";
		};
		EA66DF752B336C4D00943B90 /* DetailController */ = {
			isa = PBXGroup;
			children = (
				EA7AD33A2B3F5FE4002E8D54 /* DetailEntryViewController.swift */,
				EA67B7DB2B20DFBC003DDBD7 /* DetailEntryView.swift */,
				EA67B7D92B20DD2D003DDBD7 /* DetailEntryCollectionView.swift */,
				EA67B7D72B20DC7C003DDBD7 /* DetailEntryImagesViewCell.swift */,
			);
			path = DetailController;
			sourceTree = "<group>";
		};
		EA683EA52B263E6400CC1076 /* LifeMomentsJournalTests */ = {
			isa = PBXGroup;
			children = (
				EA683EA62B263E6400CC1076 /* LifeMomentsJournalTests.swift */,
			);
			path = LifeMomentsJournalTests;
			sourceTree = "<group>";
		};
		EA8BC72E2B2E5C4E00046352 /* ViewModels */ = {
			isa = PBXGroup;
			children = (
				EA42404E2B34DDF40036815E /* EntryListViewModel.swift */,
				EA8BC72F2B2E5D2200046352 /* NewEntryViewModel.swift */,
				EA7AD33C2B3F7575002E8D54 /* DetailEntryViewModel.swift */,
				EADC212F2B402514007FBF6C /* ImagesViewModel.swift */,
				EA4524A32B448488006F4926 /* SettingsViewModel.swift */,
			);
			path = ViewModels;
			sourceTree = "<group>";
		};
		EAC4C59D2B0D291C00930A14 = {
			isa = PBXGroup;
			children = (
				EAC4C5A82B0D291C00930A14 /* LifeMomentsJournal */,
				EA683EA52B263E6400CC1076 /* LifeMomentsJournalTests */,
				EAC4C5A72B0D291C00930A14 /* Products */,
				F8B9C50402FA6C3B38DA3228 /* Pods */,
				FA61C9A3E360305221F75DD6 /* Frameworks */,
			);
			sourceTree = "<group>";
		};
		EAC4C5A72B0D291C00930A14 /* Products */ = {
			isa = PBXGroup;
			children = (
				EAC4C5A62B0D291C00930A14 /* LifeMomentsJournal.app */,
				EA683EA42B263E6400CC1076 /* LifeMomentsJournalTests.xctest */,
			);
			name = Products;
			sourceTree = "<group>";
		};
		EAC4C5A82B0D291C00930A14 /* LifeMomentsJournal */ = {
			isa = PBXGroup;
			children = (
				EA36776A2B31008C0018BDD8 /* New Group */,
				EA72779C2B13A9500044F320 /* GoogleService-Info.plist */,
				EAC4C5A92B0D291C00930A14 /* AppDelegate.swift */,
				EAC4C5AB2B0D291C00930A14 /* SceneDelegate.swift */,
				EA8BC72E2B2E5C4E00046352 /* ViewModels */,
				EA50DA5C2B17F4DB003B50A5 /* AuthController */,
				EA66DF732B336BDB00943B90 /* TabBarController */,
				EA66DF722B336BA000943B90 /* JournalController */,
				EA66DF742B336C0300943B90 /* NewEntryController */,
				EA66DF752B336C4D00943B90 /* DetailController */,
				EADC21252B401BAF007FBF6C /* ImagesController */,
				EADC21282B401C48007FBF6C /* SettingsController */,
				EA50DA5D2B17F4EE003B50A5 /* Layouts */,
				EA50DA612B17FAB0003B50A5 /* Models */,
				EA1583E12B1CD5C7006A6242 /* Services */,
				EAC4C5B22B0D291F00930A14 /* Assets.xcassets */,
				EAC4C5B42B0D291F00930A14 /* LaunchScreen.storyboard */,
				EAC4C5B72B0D291F00930A14 /* Info.plist */,
			);
			path = LifeMomentsJournal;
			sourceTree = "<group>";
		};
		EADC21252B401BAF007FBF6C /* ImagesController */ = {
			isa = PBXGroup;
			children = (
				EADC21262B401BDF007FBF6C /* ImagesViewController.swift */,
				EADC212B2B401F85007FBF6C /* ImagesView.swift */,
				EADC212D2B402021007FBF6C /* ImagesViewCell.swift */,
			);
			path = ImagesController;
			sourceTree = "<group>";
		};
		EADC21282B401C48007FBF6C /* SettingsController */ = {
			isa = PBXGroup;
			children = (
				EADC21292B401C66007FBF6C /* SettingsViewController.swift */,
				EA45249B2B438EA6006F4926 /* SettingsView.swift */,
				EA45249D2B438FC6006F4926 /* SettingsTableView.swift */,
				EA45249F2B439042006F4926 /* SettingsViewCell.swift */,
			);
			path = SettingsController;
			sourceTree = "<group>";
		};
		F8B9C50402FA6C3B38DA3228 /* Pods */ = {
			isa = PBXGroup;
			children = (
				E5566D380F2006B633BE1B08 /* Pods-LifeMomentsJournal.debug.xcconfig */,
				9F1CCD98DA4DD271FFBBABF6 /* Pods-LifeMomentsJournal.release.xcconfig */,
			);
			path = Pods;
			sourceTree = "<group>";
		};
		FA61C9A3E360305221F75DD6 /* Frameworks */ = {
			isa = PBXGroup;
			children = (
				5DF7EA8CCA9A6CD5ABFBCB20 /* Pods_LifeMomentsJournal.framework */,
			);
			name = Frameworks;
			sourceTree = "<group>";
		};
/* End PBXGroup section */

/* Begin PBXNativeTarget section */
		EA683EA32B263E6400CC1076 /* LifeMomentsJournalTests */ = {
			isa = PBXNativeTarget;
			buildConfigurationList = EA683EAA2B263E6400CC1076 /* Build configuration list for PBXNativeTarget "LifeMomentsJournalTests" */;
			buildPhases = (
				EA683EA02B263E6400CC1076 /* Sources */,
				EA683EA12B263E6400CC1076 /* Frameworks */,
				EA683EA22B263E6400CC1076 /* Resources */,
			);
			buildRules = (
			);
			dependencies = (
				EA683EA92B263E6400CC1076 /* PBXTargetDependency */,
			);
			name = LifeMomentsJournalTests;
			packageProductDependencies = (
				EA683EAE2B263F9700CC1076 /* RxBlocking */,
				EA683EB62B263F9700CC1076 /* RxTest */,
			);
			productName = LifeMomentsJournalTests;
			productReference = EA683EA42B263E6400CC1076 /* LifeMomentsJournalTests.xctest */;
			productType = "com.apple.product-type.bundle.unit-test";
		};
		EAC4C5A52B0D291C00930A14 /* LifeMomentsJournal */ = {
			isa = PBXNativeTarget;
			buildConfigurationList = EAC4C5BA2B0D291F00930A14 /* Build configuration list for PBXNativeTarget "LifeMomentsJournal" */;
			buildPhases = (
				D1175337AC199F28121C8659 /* [CP] Check Pods Manifest.lock */,
				EAC4C5A22B0D291C00930A14 /* Sources */,
				EAC4C5A32B0D291C00930A14 /* Frameworks */,
				EAC4C5A42B0D291C00930A14 /* Resources */,
				6BD43B85CA9C24842715E6DF /* [CP] Embed Pods Frameworks */,
			);
			buildRules = (
			);
			dependencies = (
			);
			name = LifeMomentsJournal;
			packageProductDependencies = (
				EA72778D2B1379D30044F320 /* FirebaseAnalytics */,
				EA72778F2B1379D30044F320 /* FirebaseAnalyticsOnDeviceConversion */,
				EA7277912B1379D30044F320 /* FirebaseAnalyticsSwift */,
				EA7277932B1379D30044F320 /* FirebaseAnalyticsWithoutAdIdSupport */,
				EA7277952B1379D30044F320 /* FirebaseAppCheck */,
				EA7277972B137DE50044F320 /* FirebaseAuth */,
				EA72779F2B13D0840044F320 /* GoogleSignIn */,
				EA7277A12B13D0840044F320 /* GoogleSignInSwift */,
				EA683EB02B263F9700CC1076 /* RxCocoa */,
				EA683EB22B263F9700CC1076 /* RxRelay */,
				EA683EB42B263F9700CC1076 /* RxSwift */,
				EA66DF762B33965A00943B90 /* FirebaseFirestore */,
				EA66DF782B33969400943B90 /* FirebaseFirestoreSwift */,
				EA42404C2B34DC910036815E /* FirebaseStorage */,
				EA0C5F2D2B3CC7B600AC56F9 /* Kingfisher */,
				EA45248E2B433CB8006F4926 /* Differentiator */,
				EA4524902B433CB8006F4926 /* RxDataSources */,
				EA4524972B4345F7006F4926 /* Alamofire */,
			);
			productName = LifeMomentsJournal;
			productReference = EAC4C5A62B0D291C00930A14 /* LifeMomentsJournal.app */;
			productType = "com.apple.product-type.application";
		};
/* End PBXNativeTarget section */

/* Begin PBXProject section */
		EAC4C59E2B0D291C00930A14 /* Project object */ = {
			isa = PBXProject;
			attributes = {
				BuildIndependentTargetsInParallel = 1;
				LastSwiftUpdateCheck = 1500;
				LastUpgradeCheck = 1500;
				TargetAttributes = {
					EA683EA32B263E6400CC1076 = {
						CreatedOnToolsVersion = 15.0.1;
						TestTargetID = EAC4C5A52B0D291C00930A14;
					};
					EAC4C5A52B0D291C00930A14 = {
						CreatedOnToolsVersion = 15.0.1;
					};
				};
			};
			buildConfigurationList = EAC4C5A12B0D291C00930A14 /* Build configuration list for PBXProject "LifeMomentsJournal" */;
			compatibilityVersion = "Xcode 14.0";
			developmentRegion = en;
			hasScannedForEncodings = 0;
			knownRegions = (
				en,
				Base,
			);
			mainGroup = EAC4C59D2B0D291C00930A14;
			packageReferences = (
				EA72778C2B1379D30044F320 /* XCRemoteSwiftPackageReference "firebase-ios-sdk" */,
				EA72779E2B13D0840044F320 /* XCRemoteSwiftPackageReference "GoogleSignIn-iOS" */,
				EA683EAD2B263F9700CC1076 /* XCRemoteSwiftPackageReference "RxSwift" */,
				EA0C5F2C2B3CC7B600AC56F9 /* XCRemoteSwiftPackageReference "Kingfisher" */,
				EA45248D2B433CB8006F4926 /* XCRemoteSwiftPackageReference "RxDataSources" */,
				EA4524962B4345F7006F4926 /* XCRemoteSwiftPackageReference "Alamofire" */,
			);
			productRefGroup = EAC4C5A72B0D291C00930A14 /* Products */;
			projectDirPath = "";
			projectRoot = "";
			targets = (
				EAC4C5A52B0D291C00930A14 /* LifeMomentsJournal */,
				EA683EA32B263E6400CC1076 /* LifeMomentsJournalTests */,
			);
		};
/* End PBXProject section */

/* Begin PBXResourcesBuildPhase section */
		EA683EA22B263E6400CC1076 /* Resources */ = {
			isa = PBXResourcesBuildPhase;
			buildActionMask = 2147483647;
			files = (
			);
			runOnlyForDeploymentPostprocessing = 0;
		};
		EAC4C5A42B0D291C00930A14 /* Resources */ = {
			isa = PBXResourcesBuildPhase;
			buildActionMask = 2147483647;
			files = (
				EAC4C5B62B0D291F00930A14 /* LaunchScreen.storyboard in Resources */,
				EAC4C5B32B0D291F00930A14 /* Assets.xcassets in Resources */,
				EA72779D2B13A9500044F320 /* GoogleService-Info.plist in Resources */,
			);
			runOnlyForDeploymentPostprocessing = 0;
		};
/* End PBXResourcesBuildPhase section */

/* Begin PBXShellScriptBuildPhase section */
		6BD43B85CA9C24842715E6DF /* [CP] Embed Pods Frameworks */ = {
			isa = PBXShellScriptBuildPhase;
			buildActionMask = 2147483647;
			files = (
			);
			inputFileListPaths = (
				"${PODS_ROOT}/Target Support Files/Pods-LifeMomentsJournal/Pods-LifeMomentsJournal-frameworks-${CONFIGURATION}-input-files.xcfilelist",
			);
			name = "[CP] Embed Pods Frameworks";
			outputFileListPaths = (
				"${PODS_ROOT}/Target Support Files/Pods-LifeMomentsJournal/Pods-LifeMomentsJournal-frameworks-${CONFIGURATION}-output-files.xcfilelist",
			);
			runOnlyForDeploymentPostprocessing = 0;
			shellPath = /bin/sh;
			shellScript = "\"${PODS_ROOT}/Target Support Files/Pods-LifeMomentsJournal/Pods-LifeMomentsJournal-frameworks.sh\"\n";
			showEnvVarsInLog = 0;
		};
		D1175337AC199F28121C8659 /* [CP] Check Pods Manifest.lock */ = {
			isa = PBXShellScriptBuildPhase;
			buildActionMask = 2147483647;
			files = (
			);
			inputFileListPaths = (
			);
			inputPaths = (
				"${PODS_PODFILE_DIR_PATH}/Podfile.lock",
				"${PODS_ROOT}/Manifest.lock",
			);
			name = "[CP] Check Pods Manifest.lock";
			outputFileListPaths = (
			);
			outputPaths = (
				"$(DERIVED_FILE_DIR)/Pods-LifeMomentsJournal-checkManifestLockResult.txt",
			);
			runOnlyForDeploymentPostprocessing = 0;
			shellPath = /bin/sh;
			shellScript = "diff \"${PODS_PODFILE_DIR_PATH}/Podfile.lock\" \"${PODS_ROOT}/Manifest.lock\" > /dev/null\nif [ $? != 0 ] ; then\n    # print error to STDERR\n    echo \"error: The sandbox is not in sync with the Podfile.lock. Run 'pod install' or update your CocoaPods installation.\" >&2\n    exit 1\nfi\n# This output is used by Xcode 'outputs' to avoid re-running this script phase.\necho \"SUCCESS\" > \"${SCRIPT_OUTPUT_FILE_0}\"\n";
			showEnvVarsInLog = 0;
		};
/* End PBXShellScriptBuildPhase section */

/* Begin PBXSourcesBuildPhase section */
		EA683EA02B263E6400CC1076 /* Sources */ = {
			isa = PBXSourcesBuildPhase;
			buildActionMask = 2147483647;
			files = (
				EA683EA72B263E6400CC1076 /* LifeMomentsJournalTests.swift in Sources */,
			);
			runOnlyForDeploymentPostprocessing = 0;
		};
		EAC4C5A22B0D291C00930A14 /* Sources */ = {
			isa = PBXSourcesBuildPhase;
			buildActionMask = 2147483647;
			files = (
				EAEF22852B1FDD730080173C /* NewEntryCollectionView.swift in Sources */,
				EADC21302B402514007FBF6C /* ImagesViewModel.swift in Sources */,
				EA45249A2B434C3E006F4926 /* JournalView.swift in Sources */,
				EAC4C5AE2B0D291C00930A14 /* AuthenticationViewController.swift in Sources */,
				EA4524A22B448140006F4926 /* Settings.swift in Sources */,
				EADC212C2B401F85007FBF6C /* ImagesView.swift in Sources */,
				EA1583DE2B1C8172006A6242 /* NewEntryViewController.swift in Sources */,
				EADC212E2B402021007FBF6C /* ImagesViewCell.swift in Sources */,
				EA42404F2B34DDF40036815E /* EntryListViewModel.swift in Sources */,
				EA50DA632B17FAD4003B50A5 /* Entry.swift in Sources */,
				EADC21272B401BDF007FBF6C /* ImagesViewController.swift in Sources */,
				EA67B7D82B20DC7C003DDBD7 /* DetailEntryImagesViewCell.swift in Sources */,
				EA7AD33D2B3F7575002E8D54 /* DetailEntryViewModel.swift in Sources */,
				EA42404B2B34DC480036815E /* FirestoreAndStorageService.swift in Sources */,
				EA4524A02B439042006F4926 /* SettingsViewCell.swift in Sources */,
				EAE0CFE52B3238D900C670CA /* PhotosManager.swift in Sources */,
				EA1583E02B1C9141006A6242 /* TabBarViewController.swift in Sources */,
				EA1F432C2B1E83980033ED82 /* NewEntryImagesViewCell.swift in Sources */,
				EAF71CC72B1D0ACF00217052 /* NewEntryView.swift in Sources */,
				EA7277A42B13D4250044F320 /* AuthenticationService.swift in Sources */,
				EA7AD33B2B3F5FE4002E8D54 /* DetailEntryViewController.swift in Sources */,
				EA50DA602B17F676003B50A5 /* EntriesListCell.swift in Sources */,
				EA4524952B4345BC006F4926 /* QuoteApiWorker.swift in Sources */,
				EA8BC7302B2E5D2200046352 /* NewEntryViewModel.swift in Sources */,
				EA45249E2B438FC6006F4926 /* SettingsTableView.swift in Sources */,
				EA1583DC2B1C6C66006A6242 /* CompositionalLayout.swift in Sources */,
				EAC4C5AA2B0D291C00930A14 /* AppDelegate.swift in Sources */,
				EA67B7DA2B20DD2D003DDBD7 /* DetailEntryCollectionView.swift in Sources */,
				EA45249C2B438EA6006F4926 /* SettingsView.swift in Sources */,
				EA36776C2B3100B60018BDD8 /* CurrentDate.swift in Sources */,
				EAF7850C2B155F7000719089 /* JournalViewController.swift in Sources */,
				EADC212A2B401C66007FBF6C /* SettingsViewController.swift in Sources */,
				EA67B7DC2B20DFBC003DDBD7 /* DetailEntryView.swift in Sources */,
				EA4524932B4342D4006F4926 /* Quote.swift in Sources */,
				EAC4C5AC2B0D291C00930A14 /* SceneDelegate.swift in Sources */,
				EA4524A42B448488006F4926 /* SettingsViewModel.swift in Sources */,
			);
			runOnlyForDeploymentPostprocessing = 0;
		};
/* End PBXSourcesBuildPhase section */

/* Begin PBXTargetDependency section */
		EA683EA92B263E6400CC1076 /* PBXTargetDependency */ = {
			isa = PBXTargetDependency;
			target = EAC4C5A52B0D291C00930A14 /* LifeMomentsJournal */;
			targetProxy = EA683EA82B263E6400CC1076 /* PBXContainerItemProxy */;
		};
/* End PBXTargetDependency section */

/* Begin PBXVariantGroup section */
		EAC4C5B42B0D291F00930A14 /* LaunchScreen.storyboard */ = {
			isa = PBXVariantGroup;
			children = (
				EAC4C5B52B0D291F00930A14 /* Base */,
			);
			name = LaunchScreen.storyboard;
			sourceTree = "<group>";
		};
/* End PBXVariantGroup section */

/* Begin XCBuildConfiguration section */
		EA683EAB2B263E6400CC1076 /* Debug */ = {
			isa = XCBuildConfiguration;
			buildSettings = {
				BUNDLE_LOADER = "$(TEST_HOST)";
				CODE_SIGN_STYLE = Automatic;
				CURRENT_PROJECT_VERSION = 1;
				DEVELOPMENT_TEAM = 3QBZ3X93DR;
				ENABLE_USER_SCRIPT_SANDBOXING = YES;
				GENERATE_INFOPLIST_FILE = YES;
				MARKETING_VERSION = 1.0;
				PRODUCT_BUNDLE_IDENTIFIER = com.valentyna.LifeMomentsJournalTests;
				PRODUCT_NAME = "$(TARGET_NAME)";
				SWIFT_EMIT_LOC_STRINGS = NO;
				SWIFT_VERSION = 5.0;
				TARGETED_DEVICE_FAMILY = "1,2";
				TEST_HOST = "$(BUILT_PRODUCTS_DIR)/LifeMomentsJournal.app/$(BUNDLE_EXECUTABLE_FOLDER_PATH)/LifeMomentsJournal";
			};
			name = Debug;
		};
		EA683EAC2B263E6400CC1076 /* Release */ = {
			isa = XCBuildConfiguration;
			buildSettings = {
				BUNDLE_LOADER = "$(TEST_HOST)";
				CODE_SIGN_STYLE = Automatic;
				CURRENT_PROJECT_VERSION = 1;
				DEVELOPMENT_TEAM = 3QBZ3X93DR;
				ENABLE_USER_SCRIPT_SANDBOXING = YES;
				GENERATE_INFOPLIST_FILE = YES;
				MARKETING_VERSION = 1.0;
				PRODUCT_BUNDLE_IDENTIFIER = com.valentyna.LifeMomentsJournalTests;
				PRODUCT_NAME = "$(TARGET_NAME)";
				SWIFT_EMIT_LOC_STRINGS = NO;
				SWIFT_VERSION = 5.0;
				TARGETED_DEVICE_FAMILY = "1,2";
				TEST_HOST = "$(BUILT_PRODUCTS_DIR)/LifeMomentsJournal.app/$(BUNDLE_EXECUTABLE_FOLDER_PATH)/LifeMomentsJournal";
			};
			name = Release;
		};
		EAC4C5B82B0D291F00930A14 /* Debug */ = {
			isa = XCBuildConfiguration;
			buildSettings = {
				ALWAYS_SEARCH_USER_PATHS = NO;
				ASSETCATALOG_COMPILER_GENERATE_SWIFT_ASSET_SYMBOL_EXTENSIONS = YES;
				CLANG_ANALYZER_NONNULL = YES;
				CLANG_ANALYZER_NUMBER_OBJECT_CONVERSION = YES_AGGRESSIVE;
				CLANG_CXX_LANGUAGE_STANDARD = "gnu++20";
				CLANG_ENABLE_MODULES = YES;
				CLANG_ENABLE_OBJC_ARC = YES;
				CLANG_ENABLE_OBJC_WEAK = YES;
				CLANG_WARN_BLOCK_CAPTURE_AUTORELEASING = YES;
				CLANG_WARN_BOOL_CONVERSION = YES;
				CLANG_WARN_COMMA = YES;
				CLANG_WARN_CONSTANT_CONVERSION = YES;
				CLANG_WARN_DEPRECATED_OBJC_IMPLEMENTATIONS = YES;
				CLANG_WARN_DIRECT_OBJC_ISA_USAGE = YES_ERROR;
				CLANG_WARN_DOCUMENTATION_COMMENTS = YES;
				CLANG_WARN_EMPTY_BODY = YES;
				CLANG_WARN_ENUM_CONVERSION = YES;
				CLANG_WARN_INFINITE_RECURSION = YES;
				CLANG_WARN_INT_CONVERSION = YES;
				CLANG_WARN_NON_LITERAL_NULL_CONVERSION = YES;
				CLANG_WARN_OBJC_IMPLICIT_RETAIN_SELF = YES;
				CLANG_WARN_OBJC_LITERAL_CONVERSION = YES;
				CLANG_WARN_OBJC_ROOT_CLASS = YES_ERROR;
				CLANG_WARN_QUOTED_INCLUDE_IN_FRAMEWORK_HEADER = YES;
				CLANG_WARN_RANGE_LOOP_ANALYSIS = YES;
				CLANG_WARN_STRICT_PROTOTYPES = YES;
				CLANG_WARN_SUSPICIOUS_MOVE = YES;
				CLANG_WARN_UNGUARDED_AVAILABILITY = YES_AGGRESSIVE;
				CLANG_WARN_UNREACHABLE_CODE = YES;
				CLANG_WARN__DUPLICATE_METHOD_MATCH = YES;
				COPY_PHASE_STRIP = NO;
				DEBUG_INFORMATION_FORMAT = dwarf;
				ENABLE_STRICT_OBJC_MSGSEND = YES;
				ENABLE_TESTABILITY = YES;
				ENABLE_USER_SCRIPT_SANDBOXING = NO;
				GCC_C_LANGUAGE_STANDARD = gnu17;
				GCC_DYNAMIC_NO_PIC = NO;
				GCC_NO_COMMON_BLOCKS = YES;
				GCC_OPTIMIZATION_LEVEL = 0;
				GCC_PREPROCESSOR_DEFINITIONS = (
					"DEBUG=1",
					"$(inherited)",
				);
				GCC_WARN_64_TO_32_BIT_CONVERSION = YES;
				GCC_WARN_ABOUT_RETURN_TYPE = YES_ERROR;
				GCC_WARN_UNDECLARED_SELECTOR = YES;
				GCC_WARN_UNINITIALIZED_AUTOS = YES_AGGRESSIVE;
				GCC_WARN_UNUSED_FUNCTION = YES;
				GCC_WARN_UNUSED_VARIABLE = YES;
				IPHONEOS_DEPLOYMENT_TARGET = 17.0;
				LOCALIZATION_PREFERS_STRING_CATALOGS = YES;
				MTL_ENABLE_DEBUG_INFO = INCLUDE_SOURCE;
				MTL_FAST_MATH = YES;
				ONLY_ACTIVE_ARCH = YES;
				SDKROOT = iphoneos;
				SWIFT_ACTIVE_COMPILATION_CONDITIONS = "DEBUG $(inherited)";
				SWIFT_OPTIMIZATION_LEVEL = "-Onone";
			};
			name = Debug;
		};
		EAC4C5B92B0D291F00930A14 /* Release */ = {
			isa = XCBuildConfiguration;
			buildSettings = {
				ALWAYS_SEARCH_USER_PATHS = NO;
				ASSETCATALOG_COMPILER_GENERATE_SWIFT_ASSET_SYMBOL_EXTENSIONS = YES;
				CLANG_ANALYZER_NONNULL = YES;
				CLANG_ANALYZER_NUMBER_OBJECT_CONVERSION = YES_AGGRESSIVE;
				CLANG_CXX_LANGUAGE_STANDARD = "gnu++20";
				CLANG_ENABLE_MODULES = YES;
				CLANG_ENABLE_OBJC_ARC = YES;
				CLANG_ENABLE_OBJC_WEAK = YES;
				CLANG_WARN_BLOCK_CAPTURE_AUTORELEASING = YES;
				CLANG_WARN_BOOL_CONVERSION = YES;
				CLANG_WARN_COMMA = YES;
				CLANG_WARN_CONSTANT_CONVERSION = YES;
				CLANG_WARN_DEPRECATED_OBJC_IMPLEMENTATIONS = YES;
				CLANG_WARN_DIRECT_OBJC_ISA_USAGE = YES_ERROR;
				CLANG_WARN_DOCUMENTATION_COMMENTS = YES;
				CLANG_WARN_EMPTY_BODY = YES;
				CLANG_WARN_ENUM_CONVERSION = YES;
				CLANG_WARN_INFINITE_RECURSION = YES;
				CLANG_WARN_INT_CONVERSION = YES;
				CLANG_WARN_NON_LITERAL_NULL_CONVERSION = YES;
				CLANG_WARN_OBJC_IMPLICIT_RETAIN_SELF = YES;
				CLANG_WARN_OBJC_LITERAL_CONVERSION = YES;
				CLANG_WARN_OBJC_ROOT_CLASS = YES_ERROR;
				CLANG_WARN_QUOTED_INCLUDE_IN_FRAMEWORK_HEADER = YES;
				CLANG_WARN_RANGE_LOOP_ANALYSIS = YES;
				CLANG_WARN_STRICT_PROTOTYPES = YES;
				CLANG_WARN_SUSPICIOUS_MOVE = YES;
				CLANG_WARN_UNGUARDED_AVAILABILITY = YES_AGGRESSIVE;
				CLANG_WARN_UNREACHABLE_CODE = YES;
				CLANG_WARN__DUPLICATE_METHOD_MATCH = YES;
				COPY_PHASE_STRIP = NO;
				DEBUG_INFORMATION_FORMAT = "dwarf-with-dsym";
				ENABLE_NS_ASSERTIONS = NO;
				ENABLE_STRICT_OBJC_MSGSEND = YES;
				ENABLE_USER_SCRIPT_SANDBOXING = NO;
				GCC_C_LANGUAGE_STANDARD = gnu17;
				GCC_NO_COMMON_BLOCKS = YES;
				GCC_WARN_64_TO_32_BIT_CONVERSION = YES;
				GCC_WARN_ABOUT_RETURN_TYPE = YES_ERROR;
				GCC_WARN_UNDECLARED_SELECTOR = YES;
				GCC_WARN_UNINITIALIZED_AUTOS = YES_AGGRESSIVE;
				GCC_WARN_UNUSED_FUNCTION = YES;
				GCC_WARN_UNUSED_VARIABLE = YES;
				IPHONEOS_DEPLOYMENT_TARGET = 17.0;
				LOCALIZATION_PREFERS_STRING_CATALOGS = YES;
				MTL_ENABLE_DEBUG_INFO = NO;
				MTL_FAST_MATH = YES;
				SDKROOT = iphoneos;
				SWIFT_COMPILATION_MODE = wholemodule;
				VALIDATE_PRODUCT = YES;
			};
			name = Release;
		};
		EAC4C5BB2B0D291F00930A14 /* Debug */ = {
			isa = XCBuildConfiguration;
			baseConfigurationReference = E5566D380F2006B633BE1B08 /* Pods-LifeMomentsJournal.debug.xcconfig */;
			buildSettings = {
				ASSETCATALOG_COMPILER_APPICON_NAME = AppIcon;
				ASSETCATALOG_COMPILER_GLOBAL_ACCENT_COLOR_NAME = AccentColor;
				CODE_SIGN_STYLE = Automatic;
				CURRENT_PROJECT_VERSION = 1;
				DEVELOPMENT_TEAM = 3QBZ3X93DR;
				ENABLE_TESTING_SEARCH_PATHS = YES;
				GENERATE_INFOPLIST_FILE = YES;
				INFOPLIST_FILE = LifeMomentsJournal/Info.plist;
				INFOPLIST_KEY_NSCameraUsageDescription = "Let's take a picture!";
				INFOPLIST_KEY_NSPhotoLibraryUsageDescription = "Show me your Gallery:)";
				INFOPLIST_KEY_UIApplicationSupportsIndirectInputEvents = YES;
				INFOPLIST_KEY_UILaunchStoryboardName = LaunchScreen;
				INFOPLIST_KEY_UISupportedInterfaceOrientations = UIInterfaceOrientationPortrait;
				INFOPLIST_KEY_UISupportedInterfaceOrientations_iPad = "UIInterfaceOrientationLandscapeLeft UIInterfaceOrientationLandscapeRight UIInterfaceOrientationPortrait UIInterfaceOrientationPortraitUpsideDown";
				IPHONEOS_DEPLOYMENT_TARGET = 17.0;
				LD_RUNPATH_SEARCH_PATHS = (
					"$(inherited)",
					"@executable_path/Frameworks",
				);
				MARKETING_VERSION = 1.0;
				PRODUCT_BUNDLE_IDENTIFIER = com.valentyna.LifeMomentsJournal;
				PRODUCT_NAME = "$(TARGET_NAME)";
				SWIFT_EMIT_LOC_STRINGS = YES;
				SWIFT_VERSION = 5.0;
				TARGETED_DEVICE_FAMILY = "1,2";
			};
			name = Debug;
		};
		EAC4C5BC2B0D291F00930A14 /* Release */ = {
			isa = XCBuildConfiguration;
			baseConfigurationReference = 9F1CCD98DA4DD271FFBBABF6 /* Pods-LifeMomentsJournal.release.xcconfig */;
			buildSettings = {
				ASSETCATALOG_COMPILER_APPICON_NAME = AppIcon;
				ASSETCATALOG_COMPILER_GLOBAL_ACCENT_COLOR_NAME = AccentColor;
				CODE_SIGN_STYLE = Automatic;
				CURRENT_PROJECT_VERSION = 1;
				DEVELOPMENT_TEAM = 3QBZ3X93DR;
				ENABLE_TESTING_SEARCH_PATHS = YES;
				GENERATE_INFOPLIST_FILE = YES;
				INFOPLIST_FILE = LifeMomentsJournal/Info.plist;
				INFOPLIST_KEY_NSCameraUsageDescription = "Let's take a picture!";
				INFOPLIST_KEY_NSPhotoLibraryUsageDescription = "Show me your Gallery:)";
				INFOPLIST_KEY_UIApplicationSupportsIndirectInputEvents = YES;
				INFOPLIST_KEY_UILaunchStoryboardName = LaunchScreen;
				INFOPLIST_KEY_UISupportedInterfaceOrientations = UIInterfaceOrientationPortrait;
				INFOPLIST_KEY_UISupportedInterfaceOrientations_iPad = "UIInterfaceOrientationLandscapeLeft UIInterfaceOrientationLandscapeRight UIInterfaceOrientationPortrait UIInterfaceOrientationPortraitUpsideDown";
				IPHONEOS_DEPLOYMENT_TARGET = 17.0;
				LD_RUNPATH_SEARCH_PATHS = (
					"$(inherited)",
					"@executable_path/Frameworks",
				);
				MARKETING_VERSION = 1.0;
				PRODUCT_BUNDLE_IDENTIFIER = com.valentyna.LifeMomentsJournal;
				PRODUCT_NAME = "$(TARGET_NAME)";
				SWIFT_EMIT_LOC_STRINGS = YES;
				SWIFT_VERSION = 5.0;
				TARGETED_DEVICE_FAMILY = "1,2";
			};
			name = Release;
		};
/* End XCBuildConfiguration section */

/* Begin XCConfigurationList section */
		EA683EAA2B263E6400CC1076 /* Build configuration list for PBXNativeTarget "LifeMomentsJournalTests" */ = {
			isa = XCConfigurationList;
			buildConfigurations = (
				EA683EAB2B263E6400CC1076 /* Debug */,
				EA683EAC2B263E6400CC1076 /* Release */,
			);
			defaultConfigurationIsVisible = 0;
			defaultConfigurationName = Release;
		};
		EAC4C5A12B0D291C00930A14 /* Build configuration list for PBXProject "LifeMomentsJournal" */ = {
			isa = XCConfigurationList;
			buildConfigurations = (
				EAC4C5B82B0D291F00930A14 /* Debug */,
				EAC4C5B92B0D291F00930A14 /* Release */,
			);
			defaultConfigurationIsVisible = 0;
			defaultConfigurationName = Release;
		};
		EAC4C5BA2B0D291F00930A14 /* Build configuration list for PBXNativeTarget "LifeMomentsJournal" */ = {
			isa = XCConfigurationList;
			buildConfigurations = (
				EAC4C5BB2B0D291F00930A14 /* Debug */,
				EAC4C5BC2B0D291F00930A14 /* Release */,
			);
			defaultConfigurationIsVisible = 0;
			defaultConfigurationName = Release;
		};
/* End XCConfigurationList section */

/* Begin XCRemoteSwiftPackageReference section */
		EA0C5F2C2B3CC7B600AC56F9 /* XCRemoteSwiftPackageReference "Kingfisher" */ = {
			isa = XCRemoteSwiftPackageReference;
			repositoryURL = "https://github.com/onevcat/Kingfisher.git";
			requirement = {
				kind = upToNextMajorVersion;
				minimumVersion = 7.10.1;
			};
		};
		EA45248D2B433CB8006F4926 /* XCRemoteSwiftPackageReference "RxDataSources" */ = {
			isa = XCRemoteSwiftPackageReference;
			repositoryURL = "https://github.com/RxSwiftCommunity/RxDataSources.git";
			requirement = {
				kind = upToNextMajorVersion;
				minimumVersion = 5.0.2;
			};
		};
		EA4524962B4345F7006F4926 /* XCRemoteSwiftPackageReference "Alamofire" */ = {
			isa = XCRemoteSwiftPackageReference;
			repositoryURL = "https://github.com/Alamofire/Alamofire.git";
			requirement = {
				kind = upToNextMajorVersion;
				minimumVersion = 5.8.1;
			};
		};
		EA683EAD2B263F9700CC1076 /* XCRemoteSwiftPackageReference "RxSwift" */ = {
			isa = XCRemoteSwiftPackageReference;
			repositoryURL = "https://github.com/ReactiveX/RxSwift.git";
			requirement = {
				kind = upToNextMajorVersion;
				minimumVersion = 6.6.0;
			};
		};
		EA72778C2B1379D30044F320 /* XCRemoteSwiftPackageReference "firebase-ios-sdk" */ = {
			isa = XCRemoteSwiftPackageReference;
			repositoryURL = "https://github.com/firebase/firebase-ios-sdk";
			requirement = {
				kind = upToNextMajorVersion;
				minimumVersion = 10.18.0;
			};
		};
		EA72779E2B13D0840044F320 /* XCRemoteSwiftPackageReference "GoogleSignIn-iOS" */ = {
			isa = XCRemoteSwiftPackageReference;
			repositoryURL = "https://github.com/google/GoogleSignIn-iOS";
			requirement = {
				kind = upToNextMajorVersion;
				minimumVersion = 7.0.0;
			};
		};
/* End XCRemoteSwiftPackageReference section */

/* Begin XCSwiftPackageProductDependency section */
		EA0C5F2D2B3CC7B600AC56F9 /* Kingfisher */ = {
			isa = XCSwiftPackageProductDependency;
			package = EA0C5F2C2B3CC7B600AC56F9 /* XCRemoteSwiftPackageReference "Kingfisher" */;
			productName = Kingfisher;
		};
		EA42404C2B34DC910036815E /* FirebaseStorage */ = {
			isa = XCSwiftPackageProductDependency;
			package = EA72778C2B1379D30044F320 /* XCRemoteSwiftPackageReference "firebase-ios-sdk" */;
			productName = FirebaseStorage;
		};
		EA45248E2B433CB8006F4926 /* Differentiator */ = {
			isa = XCSwiftPackageProductDependency;
			package = EA45248D2B433CB8006F4926 /* XCRemoteSwiftPackageReference "RxDataSources" */;
			productName = Differentiator;
		};
		EA4524902B433CB8006F4926 /* RxDataSources */ = {
			isa = XCSwiftPackageProductDependency;
			package = EA45248D2B433CB8006F4926 /* XCRemoteSwiftPackageReference "RxDataSources" */;
			productName = RxDataSources;
		};
		EA4524972B4345F7006F4926 /* Alamofire */ = {
			isa = XCSwiftPackageProductDependency;
			package = EA4524962B4345F7006F4926 /* XCRemoteSwiftPackageReference "Alamofire" */;
			productName = Alamofire;
		};
		EA66DF762B33965A00943B90 /* FirebaseFirestore */ = {
			isa = XCSwiftPackageProductDependency;
			package = EA72778C2B1379D30044F320 /* XCRemoteSwiftPackageReference "firebase-ios-sdk" */;
			productName = FirebaseFirestore;
		};
		EA66DF782B33969400943B90 /* FirebaseFirestoreSwift */ = {
			isa = XCSwiftPackageProductDependency;
			package = EA72778C2B1379D30044F320 /* XCRemoteSwiftPackageReference "firebase-ios-sdk" */;
			productName = FirebaseFirestoreSwift;
		};
		EA683EAE2B263F9700CC1076 /* RxBlocking */ = {
			isa = XCSwiftPackageProductDependency;
			package = EA683EAD2B263F9700CC1076 /* XCRemoteSwiftPackageReference "RxSwift" */;
			productName = RxBlocking;
		};
		EA683EB02B263F9700CC1076 /* RxCocoa */ = {
			isa = XCSwiftPackageProductDependency;
			package = EA683EAD2B263F9700CC1076 /* XCRemoteSwiftPackageReference "RxSwift" */;
			productName = RxCocoa;
		};
		EA683EB22B263F9700CC1076 /* RxRelay */ = {
			isa = XCSwiftPackageProductDependency;
			package = EA683EAD2B263F9700CC1076 /* XCRemoteSwiftPackageReference "RxSwift" */;
			productName = RxRelay;
		};
		EA683EB42B263F9700CC1076 /* RxSwift */ = {
			isa = XCSwiftPackageProductDependency;
			package = EA683EAD2B263F9700CC1076 /* XCRemoteSwiftPackageReference "RxSwift" */;
			productName = RxSwift;
		};
		EA683EB62B263F9700CC1076 /* RxTest */ = {
			isa = XCSwiftPackageProductDependency;
			package = EA683EAD2B263F9700CC1076 /* XCRemoteSwiftPackageReference "RxSwift" */;
			productName = RxTest;
		};
		EA72778D2B1379D30044F320 /* FirebaseAnalytics */ = {
			isa = XCSwiftPackageProductDependency;
			package = EA72778C2B1379D30044F320 /* XCRemoteSwiftPackageReference "firebase-ios-sdk" */;
			productName = FirebaseAnalytics;
		};
		EA72778F2B1379D30044F320 /* FirebaseAnalyticsOnDeviceConversion */ = {
			isa = XCSwiftPackageProductDependency;
			package = EA72778C2B1379D30044F320 /* XCRemoteSwiftPackageReference "firebase-ios-sdk" */;
			productName = FirebaseAnalyticsOnDeviceConversion;
		};
		EA7277912B1379D30044F320 /* FirebaseAnalyticsSwift */ = {
			isa = XCSwiftPackageProductDependency;
			package = EA72778C2B1379D30044F320 /* XCRemoteSwiftPackageReference "firebase-ios-sdk" */;
			productName = FirebaseAnalyticsSwift;
		};
		EA7277932B1379D30044F320 /* FirebaseAnalyticsWithoutAdIdSupport */ = {
			isa = XCSwiftPackageProductDependency;
			package = EA72778C2B1379D30044F320 /* XCRemoteSwiftPackageReference "firebase-ios-sdk" */;
			productName = FirebaseAnalyticsWithoutAdIdSupport;
		};
		EA7277952B1379D30044F320 /* FirebaseAppCheck */ = {
			isa = XCSwiftPackageProductDependency;
			package = EA72778C2B1379D30044F320 /* XCRemoteSwiftPackageReference "firebase-ios-sdk" */;
			productName = FirebaseAppCheck;
		};
		EA7277972B137DE50044F320 /* FirebaseAuth */ = {
			isa = XCSwiftPackageProductDependency;
			package = EA72778C2B1379D30044F320 /* XCRemoteSwiftPackageReference "firebase-ios-sdk" */;
			productName = FirebaseAuth;
		};
		EA72779F2B13D0840044F320 /* GoogleSignIn */ = {
			isa = XCSwiftPackageProductDependency;
			package = EA72779E2B13D0840044F320 /* XCRemoteSwiftPackageReference "GoogleSignIn-iOS" */;
			productName = GoogleSignIn;
		};
		EA7277A12B13D0840044F320 /* GoogleSignInSwift */ = {
			isa = XCSwiftPackageProductDependency;
			package = EA72779E2B13D0840044F320 /* XCRemoteSwiftPackageReference "GoogleSignIn-iOS" */;
			productName = GoogleSignInSwift;
		};
/* End XCSwiftPackageProductDependency section */
	};
	rootObject = EAC4C59E2B0D291C00930A14 /* Project object */;
}
